
Microsoft Visual Studio Solution File, Format Version 12.00
# Visual Studio Version 16
VisualStudioVersion = 16.0.29509.3
MinimumVisualStudioVersion = 10.0.40219.1
Project("{8BC9CEB8-8B4A-11D0-8D11-00A0C91BC942}") = "Anubadak", "Anubadak\Anubadak.vcxproj", "{66B97EC3-F239-48BE-9E4B-527567C0A8F1}"
EndProject
Global
	GlobalSection(SolutionConfigurationPlatforms) = preSolution
		Debug|x64 = Debug|x64
		Debug|x86 = Debug|x86
		Release|x64 = Release|x64
		Release|x86 = Release|x86
	EndGlobalSection
	GlobalSection(ProjectConfigurationPlatforms) = postSolution
		{66B97EC3-F239-48BE-9E4B-527567C0A8F1}.Debug|x64.ActiveCfg = Debug|x64
		{66B97EC3-F239-48BE-9E4B-527567C0A8F1}.Debug|x64.Build.0 = Debug|x64
		{66B97EC3-F239-48BE-9E4B-527567C0A8F1}.Debug|x86.ActiveCfg = Debug|Win32
		{66B97EC3-F239-48BE-9E4B-527567C0A8F1}.Debug|x86.Build.0 = Debug|Win32
		{66B97EC3-F239-48BE-9E4B-527567C0A8F1}.Release|x64.ActiveCfg = Release|x64
		{66B97EC3-F239-48BE-9E4B-527567C0A8F1}.Release|x64.Build.0 = Release|x64
		{66B97EC3-F239-48BE-9E4B-527567C0A8F1}.Release|x86.ActiveCfg = Release|Win32
		{66B97EC3-F239-48BE-9E4B-527567C0A8F1}.Release|x86.Build.0 = Release|Win32
	EndGlobalSection
	GlobalSection(SolutionProperties) = preSolution
		HideSolutionNode = FALSE
	EndGlobalSection
	GlobalSection(ExtensibilityGlobals) = postSolution
		SolutionGuid = {C0EDFE1C-8DBE-4249-8B0B-92007B4D1327}
	EndGlobalSection
EndGlobal
